// !$*UTF8*$!
{
	archiveVersion = 1;
	classes = {
	};
	objectVersion = 77;
	objects = {

/* Begin PBXContainerItemProxy section */
		0590051E2CEC707500D71BA2 /* PBXContainerItemProxy */ = {
			isa = PBXContainerItemProxy;
			containerPortal = 059004FF2CEC707400D71BA2 /* Project object */;
			proxyType = 1;
			remoteGlobalIDString = 059005062CEC707400D71BA2;
			remoteInfo = ProgrammaticSegue;
		};
		059005282CEC707500D71BA2 /* PBXContainerItemProxy */ = {
			isa = PBXContainerItemProxy;
			containerPortal = 059004FF2CEC707400D71BA2 /* Project object */;
			proxyType = 1;
			remoteGlobalIDString = 059005062CEC707400D71BA2;
			remoteInfo = ProgrammaticSegue;
		};
/* End PBXContainerItemProxy section */

/* Begin PBXFileReference section */
		059005072CEC707400D71BA2 /* ProgrammaticSegue.app */ = {isa = PBXFileReference; explicitFileType = wrapper.application; includeInIndex = 0; path = ProgrammaticSegue.app; sourceTree = BUILT_PRODUCTS_DIR; };
		0590051D2CEC707500D71BA2 /* ProgrammaticSegueTests.xctest */ = {isa = PBXFileReference; explicitFileType = wrapper.cfbundle; includeInIndex = 0; path = ProgrammaticSegueTests.xctest; sourceTree = BUILT_PRODUCTS_DIR; };
		059005272CEC707500D71BA2 /* ProgrammaticSegueUITests.xctest */ = {isa = PBXFileReference; explicitFileType = wrapper.cfbundle; includeInIndex = 0; path = ProgrammaticSegueUITests.xctest; sourceTree = BUILT_PRODUCTS_DIR; };
/* End PBXFileReference section */

/* Begin PBXFileSystemSynchronizedBuildFileExceptionSet section */
		0590052F2CEC707500D71BA2 /* Exceptions for "ProgrammaticSegue" folder in "ProgrammaticSegue" target */ = {
			isa = PBXFileSystemSynchronizedBuildFileExceptionSet;
			membershipExceptions = (
				Info.plist,
			);
			target = 059005062CEC707400D71BA2 /* ProgrammaticSegue */;
		};
/* End PBXFileSystemSynchronizedBuildFileExceptionSet section */

/* Begin PBXFileSystemSynchronizedRootGroup section */
		059005092CEC707400D71BA2 /* ProgrammaticSegue */ = {
			isa = PBXFileSystemSynchronizedRootGroup;
			exceptions = (
				0590052F2CEC707500D71BA2 /* Exceptions for "ProgrammaticSegue" folder in "ProgrammaticSegue" target */,
			);
			path = ProgrammaticSegue;
			sourceTree = "<group>";
		};
		059005202CEC707500D71BA2 /* ProgrammaticSegueTests */ = {
			isa = PBXFileSystemSynchronizedRootGroup;
			path = ProgrammaticSegueTests;
			sourceTree = "<group>";
		};
		0590052A2CEC707500D71BA2 /* ProgrammaticSegueUITests */ = {
			isa = PBXFileSystemSynchronizedRootGroup;
			path = ProgrammaticSegueUITests;
			sourceTree = "<group>";
		};
/* End PBXFileSystemSynchronizedRootGroup section */

/* Begin PBXFrameworksBuildPhase section */
		059005042CEC707400D71BA2 /* Frameworks */ = {
			isa = PBXFrameworksBuildPhase;
			buildActionMask = 2147483647;
			files = (
			);
			runOnlyForDeploymentPostprocessing = 0;
		};
		0590051A2CEC707500D71BA2 /* Frameworks */ = {
			isa = PBXFrameworksBuildPhase;
			buildActionMask = 2147483647;
			files = (
			);
			runOnlyForDeploymentPostprocessing = 0;
		};
		059005242CEC707500D71BA2 /* Frameworks */ = {
			isa = PBXFrameworksBuildPhase;
			buildActionMask = 2147483647;
			files = (
			);
			runOnlyForDeploymentPostprocessing = 0;
		};
/* End PBXFrameworksBuildPhase section */

/* Begin PBXGroup section */
		059004FE2CEC707400D71BA2 = {
			isa = PBXGroup;
			children = (
				059005092CEC707400D71BA2 /* ProgrammaticSegue */,
				059005202CEC707500D71BA2 /* ProgrammaticSegueTests */,
				0590052A2CEC707500D71BA2 /* ProgrammaticSegueUITests */,
				059005082CEC707400D71BA2 /* Products */,
			);
			sourceTree = "<group>";
		};
		059005082CEC707400D71BA2 /* Products */ = {
			isa = PBXGroup;
			children = (
				059005072CEC707400D71BA2 /* ProgrammaticSegue.app */,
				0590051D2CEC707500D71BA2 /* ProgrammaticSegueTests.xctest */,
				059005272CEC707500D71BA2 /* ProgrammaticSegueUITests.xctest */,
			);
			name = Products;
			sourceTree = "<group>";
		};
/* End PBXGroup section */

/* Begin PBXNativeTarget section */
		059005062CEC707400D71BA2 /* ProgrammaticSegue */ = {
			isa = PBXNativeTarget;
			buildConfigurationList = 059005302CEC707500D71BA2 /* Build configuration list for PBXNativeTarget "ProgrammaticSegue" */;
			buildPhases = (
				059005032CEC707400D71BA2 /* Sources */,
				059005042CEC707400D71BA2 /* Frameworks */,
				059005052CEC707400D71BA2 /* Resources */,
			);
			buildRules = (
			);
			dependencies = (
			);
			fileSystemSynchronizedGroups = (
				059005092CEC707400D71BA2 /* ProgrammaticSegue */,
			);
			name = ProgrammaticSegue;
			packageProductDependencies = (
			);
			productName = ProgrammaticSegue;
			productReference = 059005072CEC707400D71BA2 /* ProgrammaticSegue.app */;
			productType = "com.apple.product-type.application";
		};
		0590051C2CEC707500D71BA2 /* ProgrammaticSegueTests */ = {
			isa = PBXNativeTarget;
			buildConfigurationList = 059005352CEC707500D71BA2 /* Build configuration list for PBXNativeTarget "ProgrammaticSegueTests" */;
			buildPhases = (
				059005192CEC707500D71BA2 /* Sources */,
				0590051A2CEC707500D71BA2 /* Frameworks */,
				0590051B2CEC707500D71BA2 /* Resources */,
			);
			buildRules = (
			);
			dependencies = (
				0590051F2CEC707500D71BA2 /* PBXTargetDependency */,
			);
			fileSystemSynchronizedGroups = (
				059005202CEC707500D71BA2 /* ProgrammaticSegueTests */,
			);
			name = ProgrammaticSegueTests;
			packageProductDependencies = (
			);
			productName = ProgrammaticSegueTests;
			productReference = 0590051D2CEC707500D71BA2 /* ProgrammaticSegueTests.xctest */;
			productType = "com.apple.product-type.bundle.unit-test";
		};
		059005262CEC707500D71BA2 /* ProgrammaticSegueUITests */ = {
			isa = PBXNativeTarget;
			buildConfigurationList = 059005382CEC707500D71BA2 /* Build configuration list for PBXNativeTarget "ProgrammaticSegueUITests" */;
			buildPhases = (
				059005232CEC707500D71BA2 /* Sources */,
				059005242CEC707500D71BA2 /* Frameworks */,
				059005252CEC707500D71BA2 /* Resources */,
			);
			buildRules = (
			);
			dependencies = (
				059005292CEC707500D71BA2 /* PBXTargetDependency */,
			);
			fileSystemSynchronizedGroups = (
				0590052A2CEC707500D71BA2 /* ProgrammaticSegueUITests */,
			);
			name = ProgrammaticSegueUITests;
			packageProductDependencies = (
			);
			productName = ProgrammaticSegueUITests;
			productReference = 059005272CEC707500D71BA2 /* ProgrammaticSegueUITests.xctest */;
			productType = "com.apple.product-type.bundle.ui-testing";
		};
/* End PBXNativeTarget section */

/* Begin PBXProject section */
		059004FF2CEC707400D71BA2 /* Project object */ = {
			isa = PBXProject;
			attributes = {
				BuildIndependentTargetsInParallel = 1;
				LastSwiftUpdateCheck = 1600;
				LastUpgradeCheck = 1600;
				TargetAttributes = {
					059005062CEC707400D71BA2 = {
						CreatedOnToolsVersion = 16.0;
					};
					0590051C2CEC707500D71BA2 = {
						CreatedOnToolsVersion = 16.0;
						TestTargetID = 059005062CEC707400D71BA2;
					};
					059005262CEC707500D71BA2 = {
						CreatedOnToolsVersion = 16.0;
						TestTargetID = 059005062CEC707400D71BA2;
					};
				};
			};
			buildConfigurationList = 059005022CEC707400D71BA2 /* Build configuration list for PBXProject "ProgrammaticSegue" */;
			developmentRegion = en;
			hasScannedForEncodings = 0;
			knownRegions = (
				en,
				Base,
			);
			mainGroup = 059004FE2CEC707400D71BA2;
			minimizedProjectReferenceProxies = 1;
			preferredProjectObjectVersion = 77;
			productRefGroup = 059005082CEC707400D71BA2 /* Products */;
			projectDirPath = "";
			projectRoot = "";
			targets = (
				059005062CEC707400D71BA2 /* ProgrammaticSegue */,
				0590051C2CEC707500D71BA2 /* ProgrammaticSegueTests */,
				059005262CEC707500D71BA2 /* ProgrammaticSegueUITests */,
			);
		};
/* End PBXProject section */

/* Begin PBXResourcesBuildPhase section */
		059005052CEC707400D71BA2 /* Resources */ = {
			isa = PBXResourcesBuildPhase;
			buildActionMask = 2147483647;
			files = (
			);
			runOnlyForDeploymentPostprocessing = 0;
		};
		0590051B2CEC707500D71BA2 /* Resources */ = {
			isa = PBXResourcesBuildPhase;
			buildActionMask = 2147483647;
			files = (
			);
			runOnlyForDeploymentPostprocessing = 0;
		};
		059005252CEC707500D71BA2 /* Resources */ = {
			isa = PBXResourcesBuildPhase;
			buildActionMask = 2147483647;
			files = (
			);
			runOnlyForDeploymentPostprocessing = 0;
		};
/* End PBXResourcesBuildPhase section */

/* Begin PBXSourcesBuildPhase section */
		059005032CEC707400D71BA2 /* Sources */ = {
			isa = PBXSourcesBuildPhase;
			buildActionMask = 2147483647;
			files = (
			);
			runOnlyForDeploymentPostprocessing = 0;
		};
		059005192CEC707500D71BA2 /* Sources */ = {
			isa = PBXSourcesBuildPhase;
			buildActionMask = 2147483647;
			files = (
			);
			runOnlyForDeploymentPostprocessing = 0;
		};
		059005232CEC707500D71BA2 /* Sources */ = {
			isa = PBXSourcesBuildPhase;
			buildActionMask = 2147483647;
			files = (
			);
			runOnlyForDeploymentPostprocessing = 0;
		};
/* End PBXSourcesBuildPhase section */

/* Begin PBXTargetDependency section */
		0590051F2CEC707500D71BA2 /* PBXTargetDependency */ = {
			isa = PBXTargetDependency;
			target = 059005062CEC707400D71BA2 /* ProgrammaticSegue */;
			targetProxy = 0590051E2CEC707500D71BA2 /* PBXContainerItemProxy */;
		};
		059005292CEC707500D71BA2 /* PBXTargetDependency */ = {
			isa = PBXTargetDependency;
			target = 059005062CEC707400D71BA2 /* ProgrammaticSegue */;
			targetProxy = 059005282CEC707500D71BA2 /* PBXContainerItemProxy */;
		};
/* End PBXTargetDependency section */

/* Begin XCBuildConfiguration section */
		059005312CEC707500D71BA2 /* Debug */ = {
			isa = XCBuildConfiguration;
			buildSettings = {
				ASSETCATALOG_COMPILER_APPICON_NAME = AppIcon;
				ASSETCATALOG_COMPILER_GLOBAL_ACCENT_COLOR_NAME = AccentColor;
				CODE_SIGN_STYLE = Automatic;
				CURRENT_PROJECT_VERSION = 1;
				GENERATE_INFOPLIST_FILE = YES;
				INFOPLIST_FILE = ProgrammaticSegue/Info.plist;
				INFOPLIST_KEY_UIApplicationSupportsIndirectInputEvents = YES;
				INFOPLIST_KEY_UILaunchStoryboardName = LaunchScreen;
				INFOPLIST_KEY_UIMainStoryboardFile = Main;
				INFOPLIST_KEY_UISupportedInterfaceOrientations_iPad = "UIInterfaceOrientationPortrait UIInterfaceOrientationPortraitUpsideDown UIInterfaceOrientationLandscapeLeft UIInterfaceOrientationLandscapeRight";
				INFOPLIST_KEY_UISupportedInterfaceOrientations_iPhone = "UIInterfaceOrientationPortrait UIInterfaceOrientationLandscapeLeft UIInterfaceOrientationLandscapeRight";
				LD_RUNPATH_SEARCH_PATHS = (
					"$(inherited)",
					"@executable_path/Frameworks",
				);
				MARKETING_VERSION = 1.0;
				PRODUCT_BUNDLE_IDENTIFIER = com.example.ProgrammaticSegue;
				PRODUCT_NAME = "$(TARGET_NAME)";
				SWIFT_EMIT_LOC_STRINGS = YES;
				SWIFT_VERSION = 5.0;
				TARGETED_DEVICE_FAMILY = "1,2";
			};
			name = Debug;
		};
		059005322CEC707500D71BA2 /* Release */ = {
			isa = XCBuildConfiguration;
			buildSettings = {
				ASSETCATALOG_COMPILER_APPICON_NAME = AppIcon;
				ASSETCATALOG_COMPILER_GLOBAL_ACCENT_COLOR_NAME = AccentColor;
				CODE_SIGN_STYLE = Automatic;
				CURRENT_PROJECT_VERSION = 1;
				GENERATE_INFOPLIST_FILE = YES;
				INFOPLIST_FILE = ProgrammaticSegue/Info.plist;
				INFOPLIST_KEY_UIApplicationSupportsIndirectInputEvents = YES;
				INFOPLIST_KEY_UILaunchStoryboardName = LaunchScreen;
				INFOPLIST_KEY_UIMainStoryboardFile = Main;
				INFOPLIST_KEY_UISupportedInterfaceOrientations_iPad = "UIInterfaceOrientationPortrait UIInterfaceOrientationPortraitUpsideDown UIInterfaceOrientationLandscapeLeft UIInterfaceOrientationLandscapeRight";
				INFOPLIST_KEY_UISupportedInterfaceOrientations_iPhone = "UIInterfaceOrientationPortrait UIInterfaceOrientationLandscapeLeft UIInterfaceOrientationLandscapeRight";
				LD_RUNPATH_SEARCH_PATHS = (
					"$(inherited)",
					"@executable_path/Frameworks",
				);
				MARKETING_VERSION = 1.0;
				PRODUCT_BUNDLE_IDENTIFIER = com.example.ProgrammaticSegue;
				PRODUCT_NAME = "$(TARGET_NAME)";
				SWIFT_EMIT_LOC_STRINGS = YES;
				SWIFT_VERSION = 5.0;
				TARGETED_DEVICE_FAMILY = "1,2";
			};
			name = Release;
		};
		059005332CEC707500D71BA2 /* Debug */ = {
			isa = XCBuildConfiguration;
			buildSettings = {
				ALWAYS_SEARCH_USER_PATHS = NO;
				ASSETCATALOG_COMPILER_GENERATE_SWIFT_ASSET_SYMBOL_EXTENSIONS = YES;
				CLANG_ANALYZER_NONNULL = YES;
				CLANG_ANALYZER_NUMBER_OBJECT_CONVERSION = YES_AGGRESSIVE;
				CLANG_CXX_LANGUAGE_STANDARD = "gnu++20";
				CLANG_ENABLE_MODULES = YES;
				CLANG_ENABLE_OBJC_ARC = YES;
				CLANG_ENABLE_OBJC_WEAK = YES;
				CLANG_WARN_BLOCK_CAPTURE_AUTORELEASING = YES;
				CLANG_WARN_BOOL_CONVERSION = YES;
				CLANG_WARN_COMMA = YES;
				CLANG_WARN_CONSTANT_CONVERSION = YES;
				CLANG_WARN_DEPRECATED_OBJC_IMPLEMENTATIONS = YES;
				CLANG_WARN_DIRECT_OBJC_ISA_USAGE = YES_ERROR;
				CLANG_WARN_DOCUMENTATION_COMMENTS = YES;
				CLANG_WARN_EMPTY_BODY = YES;
				CLANG_WARN_ENUM_CONVERSION = YES;
				CLANG_WARN_INFINITE_RECURSION = YES;
				CLANG_WARN_INT_CONVERSION = YES;
				CLANG_WARN_NON_LITERAL_NULL_CONVERSION = YES;
				CLANG_WARN_OBJC_IMPLICIT_RETAIN_SELF = YES;
				CLANG_WARN_OBJC_LITERAL_CONVERSION = YES;
				CLANG_WARN_OBJC_ROOT_CLASS = YES_ERROR;
				CLANG_WARN_QUOTED_INCLUDE_IN_FRAMEWORK_HEADER = YES;
				CLANG_WARN_RANGE_LOOP_ANALYSIS = YES;
				CLANG_WARN_STRICT_PROTOTYPES = YES;
				CLANG_WARN_SUSPICIOUS_MOVE = YES;
				CLANG_WARN_UNGUARDED_AVAILABILITY = YES_AGGRESSIVE;
				CLANG_WARN_UNREACHABLE_CODE = YES;
				CLANG_WARN__DUPLICATE_METHOD_MATCH = YES;
				COPY_PHASE_STRIP = NO;
				DEBUG_INFORMATION_FORMAT = dwarf;
				ENABLE_STRICT_OBJC_MSGSEND = YES;
				ENABLE_TESTABILITY = YES;
				ENABLE_USER_SCRIPT_SANDBOXING = YES;
				GCC_C_LANGUAGE_STANDARD = gnu17;
				GCC_DYNAMIC_NO_PIC = NO;
				GCC_NO_COMMON_BLOCKS = YES;
				GCC_OPTIMIZATION_LEVEL = 0;
				GCC_PREPROCESSOR_DEFINITIONS = (
					"DEBUG=1",
					"$(inherited)",
				);
				GCC_WARN_64_TO_32_BIT_CONVERSION = YES;
				GCC_WARN_ABOUT_RETURN_TYPE = YES_ERROR;
				GCC_WARN_UNDECLARED_SELECTOR = YES;
				GCC_WARN_UNINITIALIZED_AUTOS = YES_AGGRESSIVE;
				GCC_WARN_UNUSED_FUNCTION = YES;
				GCC_WARN_UNUSED_VARIABLE = YES;
				IPHONEOS_DEPLOYMENT_TARGET = 18.0;
				LOCALIZATION_PREFERS_STRING_CATALOGS = YES;
				MTL_ENABLE_DEBUG_INFO = INCLUDE_SOURCE;
				MTL_FAST_MATH = YES;
				ONLY_ACTIVE_ARCH = YES;
				SDKROOT = iphoneos;
				SWIFT_ACTIVE_COMPILATION_CONDITIONS = "DEBUG $(inherited)";
				SWIFT_OPTIMIZATION_LEVEL = "-Onone";
			};
			name = Debug;
		};
		059005342CEC707500D71BA2 /* Release */ = {
			isa = XCBuildConfiguration;
			buildSettings = {
				ALWAYS_SEARCH_USER_PATHS = NO;
				ASSETCATALOG_COMPILER_GENERATE_SWIFT_ASSET_SYMBOL_EXTENSIONS = YES;
				CLANG_ANALYZER_NONNULL = YES;
				CLANG_ANALYZER_NUMBER_OBJECT_CONVERSION = YES_AGGRESSIVE;
				CLANG_CXX_LANGUAGE_STANDARD = "gnu++20";
				CLANG_ENABLE_MODULES = YES;
				CLANG_ENABLE_OBJC_ARC = YES;
				CLANG_ENABLE_OBJC_WEAK = YES;
				CLANG_WARN_BLOCK_CAPTURE_AUTORELEASING = YES;
				CLANG_WARN_BOOL_CONVERSION = YES;
				CLANG_WARN_COMMA = YES;
				CLANG_WARN_CONSTANT_CONVERSION = YES;
				CLANG_WARN_DEPRECATED_OBJC_IMPLEMENTATIONS = YES;
				CLANG_WARN_DIRECT_OBJC_ISA_USAGE = YES_ERROR;
				CLANG_WARN_DOCUMENTATION_COMMENTS = YES;
				CLANG_WARN_EMPTY_BODY = YES;
				CLANG_WARN_ENUM_CONVERSION = YES;
				CLANG_WARN_INFINITE_RECURSION = YES;
				CLANG_WARN_INT_CONVERSION = YES;
				CLANG_WARN_NON_LITERAL_NULL_CONVERSION = YES;
				CLANG_WARN_OBJC_IMPLICIT_RETAIN_SELF = YES;
				CLANG_WARN_OBJC_LITERAL_CONVERSION = YES;
				CLANG_WARN_OBJC_ROOT_CLASS = YES_ERROR;
				CLANG_WARN_QUOTED_INCLUDE_IN_FRAMEWORK_HEADER = YES;
				CLANG_WARN_RANGE_LOOP_ANALYSIS = YES;
				CLANG_WARN_STRICT_PROTOTYPES = YES;
				CLANG_WARN_SUSPICIOUS_MOVE = YES;
				CLANG_WARN_UNGUARDED_AVAILABILITY = YES_AGGRESSIVE;
				CLANG_WARN_UNREACHABLE_CODE = YES;
				CLANG_WARN__DUPLICATE_METHOD_MATCH = YES;
				COPY_PHASE_STRIP = NO;
				DEBUG_INFORMATION_FORMAT = "dwarf-with-dsym";
				ENABLE_NS_ASSERTIONS = NO;
				ENABLE_STRICT_OBJC_MSGSEND = YES;
				ENABLE_USER_SCRIPT_SANDBOXING = YES;
				GCC_C_LANGUAGE_STANDARD = gnu17;
				GCC_NO_COMMON_BLOCKS = YES;
				GCC_WARN_64_TO_32_BIT_CONVERSION = YES;
				GCC_WARN_ABOUT_RETURN_TYPE = YES_ERROR;
				GCC_WARN_UNDECLARED_SELECTOR = YES;
				GCC_WARN_UNINITIALIZED_AUTOS = YES_AGGRESSIVE;
				GCC_WARN_UNUSED_FUNCTION = YES;
				GCC_WARN_UNUSED_VARIABLE = YES;
				IPHONEOS_DEPLOYMENT_TARGET = 18.0;
				LOCALIZATION_PREFERS_STRING_CATALOGS = YES;
				MTL_ENABLE_DEBUG_INFO = NO;
				MTL_FAST_MATH = YES;
				SDKROOT = iphoneos;
				SWIFT_COMPILATION_MODE = wholemodule;
				VALIDATE_PRODUCT = YES;
			};
			name = Release;
		};
		059005362CEC707500D71BA2 /* Debug */ = {
			isa = XCBuildConfiguration;
			buildSettings = {
				BUNDLE_LOADER = "$(TEST_HOST)";
				CODE_SIGN_STYLE = Automatic;
				CURRENT_PROJECT_VERSION = 1;
				GENERATE_INFOPLIST_FILE = YES;
				IPHONEOS_DEPLOYMENT_TARGET = 18.0;
				MARKETING_VERSION = 1.0;
				PRODUCT_BUNDLE_IDENTIFIER = com.example.ProgrammaticSegueTests;
				PRODUCT_NAME = "$(TARGET_NAME)";
				SWIFT_EMIT_LOC_STRINGS = NO;
				SWIFT_VERSION = 5.0;
				TARGETED_DEVICE_FAMILY = "1,2";
				TEST_HOST = "$(BUILT_PRODUCTS_DIR)/ProgrammaticSegue.app/$(BUNDLE_EXECUTABLE_FOLDER_PATH)/ProgrammaticSegue";
			};
			name = Debug;
		};
		059005372CEC707500D71BA2 /* Release */ = {
			isa = XCBuildConfiguration;
			buildSettings = {
				BUNDLE_LOADER = "$(TEST_HOST)";
				CODE_SIGN_STYLE = Automatic;
				CURRENT_PROJECT_VERSION = 1;
				GENERATE_INFOPLIST_FILE = YES;
				IPHONEOS_DEPLOYMENT_TARGET = 18.0;
				MARKETING_VERSION = 1.0;
				PRODUCT_BUNDLE_IDENTIFIER = com.example.ProgrammaticSegueTests;
				PRODUCT_NAME = "$(TARGET_NAME)";
				SWIFT_EMIT_LOC_STRINGS = NO;
				SWIFT_VERSION = 5.0;
				TARGETED_DEVICE_FAMILY = "1,2";
				TEST_HOST = "$(BUILT_PRODUCTS_DIR)/ProgrammaticSegue.app/$(BUNDLE_EXECUTABLE_FOLDER_PATH)/ProgrammaticSegue";
			};
			name = Release;
		};
		059005392CEC707500D71BA2 /* Debug */ = {
			isa = XCBuildConfiguration;
			buildSettings = {
				CODE_SIGN_STYLE = Automatic;
				CURRENT_PROJECT_VERSION = 1;
				GENERATE_INFOPLIST_FILE = YES;
				MARKETING_VERSION = 1.0;
				PRODUCT_BUNDLE_IDENTIFIER = com.example.ProgrammaticSegueUITests;
				PRODUCT_NAME = "$(TARGET_NAME)";
				SWIFT_EMIT_LOC_STRINGS = NO;
				SWIFT_VERSION = 5.0;
				TARGETED_DEVICE_FAMILY = "1,2";
				TEST_TARGET_NAME = ProgrammaticSegue;
			};
			name = Debug;
		};
		0590053A2CEC707500D71BA2 /* Release */ = {
			isa = XCBuildConfiguration;
			buildSettings = {
				CODE_SIGN_STYLE = Automatic;
				CURRENT_PROJECT_VERSION = 1;
				GENERATE_INFOPLIST_FILE = YES;
				MARKETING_VERSION = 1.0;
				PRODUCT_BUNDLE_IDENTIFIER = com.example.ProgrammaticSegueUITests;
				PRODUCT_NAME = "$(TARGET_NAME)";
				SWIFT_EMIT_LOC_STRINGS = NO;
				SWIFT_VERSION = 5.0;
				TARGETED_DEVICE_FAMILY = "1,2";
				TEST_TARGET_NAME = ProgrammaticSegue;
			};
			name = Release;
		};
/* End XCBuildConfiguration section */

/* Begin XCConfigurationList section */
		059005022CEC707400D71BA2 /* Build configuration list for PBXProject "ProgrammaticSegue" */ = {
			isa = XCConfigurationList;
			buildConfigurations = (
				059005332CEC707500D71BA2 /* Debug */,
				059005342CEC707500D71BA2 /* Release */,
			);
			defaultConfigurationIsVisible = 0;
			defaultConfigurationName = Release;
		};
		059005302CEC707500D71BA2 /* Build configuration list for PBXNativeTarget "ProgrammaticSegue" */ = {
			isa = XCConfigurationList;
			buildConfigurations = (
				059005312CEC707500D71BA2 /* Debug */,
				059005322CEC707500D71BA2 /* Release */,
			);
			defaultConfigurationIsVisible = 0;
			defaultConfigurationName = Release;
		};
		059005352CEC707500D71BA2 /* Build configuration list for PBXNativeTarget "ProgrammaticSegueTests" */ = {
			isa = XCConfigurationList;
			buildConfigurations = (
				059005362CEC707500D71BA2 /* Debug */,
				059005372CEC707500D71BA2 /* Release */,
			);
			defaultConfigurationIsVisible = 0;
			defaultConfigurationName = Release;
		};
		059005382CEC707500D71BA2 /* Build configuration list for PBXNativeTarget "ProgrammaticSegueUITests" */ = {
			isa = XCConfigurationList;
			buildConfigurations = (
				059005392CEC707500D71BA2 /* Debug */,
				0590053A2CEC707500D71BA2 /* Release */,
			);
			defaultConfigurationIsVisible = 0;
			defaultConfigurationName = Release;
		};
/* End XCConfigurationList section */
	};
	rootObject = 059004FF2CEC707400D71BA2 /* Project object */;
}
